
Microsoft Visual Studio Solution File, Format Version 12.00
# Visual Studio Version 16
VisualStudioVersion = 16.0.31613.86
MinimumVisualStudioVersion = 10.0.40219.1
Project("{9A19103F-16F7-4668-BE54-9A1E7A4F7556}") = "ImPrototype", "ImPrototype\ImPrototype.csproj", "{47601A05-6DE8-4BE0-9ACE-6F8803E4E1F1}"
EndProject
Global
	GlobalSection(SolutionConfigurationPlatforms) = preSolution
		Debug|Any CPU = Debug|Any CPU
		Release|Any CPU = Release|Any CPU
	EndGlobalSection
	GlobalSection(ProjectConfigurationPlatforms) = postSolution
		{47601A05-6DE8-4BE0-9ACE-6F8803E4E1F1}.Debug|Any CPU.ActiveCfg = Debug|Any CPU
		{47601A05-6DE8-4BE0-9ACE-6F8803E4E1F1}.Debug|Any CPU.Build.0 = Debug|Any CPU
		{47601A05-6DE8-4BE0-9ACE-6F8803E4E1F1}.Release|Any CPU.ActiveCfg = Release|Any CPU
		{47601A05-6DE8-4BE0-9ACE-6F8803E4E1F1}.Release|Any CPU.Build.0 = Release|Any CPU
	EndGlobalSection
	GlobalSection(SolutionProperties) = preSolution
		HideSolutionNode = FALSE
	EndGlobalSection
	GlobalSection(ExtensibilityGlobals) = postSolution
		SolutionGuid = {D895CC30-94EF-4AB4-926F-E829B607362D}
	EndGlobalSection
EndGlobal
